
Microsoft Visual Studio Solution File, Format Version 12.00
# Visual Studio Version 17
VisualStudioVersion = 17.6.33829.357
MinimumVisualStudioVersion = 10.0.40219.1
Project("{FAE04EC0-301F-11D3-BF4B-00C04F79EFBC}") = "QuizSocket", "QuizSocket\QuizSocket.csproj", "{7A65DB76-BC87-41CE-95CD-2BB9A0C3765D}"
EndProject
Global
	GlobalSection(SolutionConfigurationPlatforms) = preSolution
		Debug|Any CPU = Debug|Any CPU
		Release|Any CPU = Release|Any CPU
	EndGlobalSection
	GlobalSection(ProjectConfigurationPlatforms) = postSolution
		{7A65DB76-BC87-41CE-95CD-2BB9A0C3765D}.Debug|Any CPU.ActiveCfg = Debug|Any CPU
		{7A65DB76-BC87-41CE-95CD-2BB9A0C3765D}.Debug|Any CPU.Build.0 = Debug|Any CPU
		{7A65DB76-BC87-41CE-95CD-2BB9A0C3765D}.Release|Any CPU.ActiveCfg = Release|Any CPU
		{7A65DB76-BC87-41CE-95CD-2BB9A0C3765D}.Release|Any CPU.Build.0 = Release|Any CPU
	EndGlobalSection
	GlobalSection(SolutionProperties) = preSolution
		HideSolutionNode = FALSE
	EndGlobalSection
	GlobalSection(ExtensibilityGlobals) = postSolution
		SolutionGuid = {D55566DB-AE4B-4765-A0D7-ED393547E684}
	EndGlobalSection
EndGlobal
