
Microsoft Visual Studio Solution File, Format Version 12.00
# Visual Studio Version 16
VisualStudioVersion = 16.0.30011.22
MinimumVisualStudioVersion = 10.0.40219.1
Project("{FAE04EC0-301F-11D3-BF4B-00C04F79EFBC}") = "Encriptação_E_Desencriptação", "Encriptação_E_Desencriptação\Encriptação_E_Desencriptação.csproj", "{35F80888-C0C5-4EFA-9952-E582F333C257}"
EndProject
Global
	GlobalSection(SolutionConfigurationPlatforms) = preSolution
		Debug|Any CPU = Debug|Any CPU
		Release|Any CPU = Release|Any CPU
	EndGlobalSection
	GlobalSection(ProjectConfigurationPlatforms) = postSolution
		{35F80888-C0C5-4EFA-9952-E582F333C257}.Debug|Any CPU.ActiveCfg = Debug|Any CPU
		{35F80888-C0C5-4EFA-9952-E582F333C257}.Debug|Any CPU.Build.0 = Debug|Any CPU
		{35F80888-C0C5-4EFA-9952-E582F333C257}.Release|Any CPU.ActiveCfg = Release|Any CPU
		{35F80888-C0C5-4EFA-9952-E582F333C257}.Release|Any CPU.Build.0 = Release|Any CPU
	EndGlobalSection
	GlobalSection(SolutionProperties) = preSolution
		HideSolutionNode = FALSE
	EndGlobalSection
	GlobalSection(ExtensibilityGlobals) = postSolution
		SolutionGuid = {263D9F49-2ECF-4A2A-AF9C-94C656CAE2E7}
	EndGlobalSection
EndGlobal
